
Microsoft Visual Studio Solution File, Format Version 12.00
Project("{FAE04EC0-301F-11D3-BF4B-00C04F79EFBC}") = "BurgerHub.Api", "BurgerHub.Api\BurgerHub.Api.csproj", "{EECD77ED-C67C-490D-B4F1-F7FB7ADEEBC4}"
EndProject
Project("{2150E333-8FDC-42A3-9474-1A3956D46DE8}") = "Docker", "Docker", "{1B3191DC-8E75-498A-854F-29D8734A1F9E}"
ProjectSection(SolutionItems) = preProject
	..\docker-compose.dependencies.yml = ..\docker-compose.dependencies.yml
EndProjectSection
EndProject
Project("{2150E333-8FDC-42A3-9474-1A3956D46DE8}") = "Scripts", "Scripts", "{C39FC46C-8A71-4F12-89B4-A9A23BC3294B}"
ProjectSection(SolutionItems) = preProject
	..\scripts\start-dependencies.bat = ..\scripts\start-dependencies.bat
	..\scripts\start-dependencies.sh = ..\scripts\start-dependencies.sh
EndProjectSection
EndProject
Project("{FAE04EC0-301F-11D3-BF4B-00C04F79EFBC}") = "BurgerHub.Api.Tests", "BurgerHub.Api.Tests\BurgerHub.Api.Tests.csproj", "{00233219-639D-4A81-9F79-B996362F2714}"
EndProject
Project("{FAE04EC0-301F-11D3-BF4B-00C04F79EFBC}") = "BurgerHub.Api.Seeder", "BurgerHub.Api.Seeder\BurgerHub.Api.Seeder.csproj", "{A490D018-D37B-4E75-A11F-49EDB7505F81}"
EndProject
Project("{FAE04EC0-301F-11D3-BF4B-00C04F79EFBC}") = "BurgerHub.Api.Seeder.Tests", "BurgerHub.Api.Seeder.Tests\BurgerHub.Api.Seeder.Tests.csproj", "{E653D595-7C29-4191-960C-625548AEB7DE}"
EndProject
Global
	GlobalSection(SolutionConfigurationPlatforms) = preSolution
		Debug|Any CPU = Debug|Any CPU
		Release|Any CPU = Release|Any CPU
	EndGlobalSection
	GlobalSection(ProjectConfigurationPlatforms) = postSolution
		{EECD77ED-C67C-490D-B4F1-F7FB7ADEEBC4}.Debug|Any CPU.ActiveCfg = Debug|Any CPU
		{EECD77ED-C67C-490D-B4F1-F7FB7ADEEBC4}.Debug|Any CPU.Build.0 = Debug|Any CPU
		{EECD77ED-C67C-490D-B4F1-F7FB7ADEEBC4}.Release|Any CPU.ActiveCfg = Release|Any CPU
		{EECD77ED-C67C-490D-B4F1-F7FB7ADEEBC4}.Release|Any CPU.Build.0 = Release|Any CPU
		{00233219-639D-4A81-9F79-B996362F2714}.Debug|Any CPU.ActiveCfg = Debug|Any CPU
		{00233219-639D-4A81-9F79-B996362F2714}.Debug|Any CPU.Build.0 = Debug|Any CPU
		{00233219-639D-4A81-9F79-B996362F2714}.Release|Any CPU.ActiveCfg = Release|Any CPU
		{00233219-639D-4A81-9F79-B996362F2714}.Release|Any CPU.Build.0 = Release|Any CPU
		{A490D018-D37B-4E75-A11F-49EDB7505F81}.Debug|Any CPU.ActiveCfg = Debug|Any CPU
		{A490D018-D37B-4E75-A11F-49EDB7505F81}.Debug|Any CPU.Build.0 = Debug|Any CPU
		{A490D018-D37B-4E75-A11F-49EDB7505F81}.Release|Any CPU.ActiveCfg = Release|Any CPU
		{A490D018-D37B-4E75-A11F-49EDB7505F81}.Release|Any CPU.Build.0 = Release|Any CPU
		{E653D595-7C29-4191-960C-625548AEB7DE}.Debug|Any CPU.ActiveCfg = Debug|Any CPU
		{E653D595-7C29-4191-960C-625548AEB7DE}.Debug|Any CPU.Build.0 = Debug|Any CPU
		{E653D595-7C29-4191-960C-625548AEB7DE}.Release|Any CPU.ActiveCfg = Release|Any CPU
		{E653D595-7C29-4191-960C-625548AEB7DE}.Release|Any CPU.Build.0 = Release|Any CPU
	EndGlobalSection
EndGlobal
